
Microsoft Visual Studio Solution File, Format Version 12.00
# Visual Studio 2012
Project("{FAE04EC0-301F-11D3-BF4B-00C04F79EFBC}") = "MACardFiller", "MACardFiller\MACardFiller.csproj", "{F1D96AC0-38E6-4D9C-842E-03D7C8FA207B}"
EndProject
Global
	GlobalSection(SolutionConfigurationPlatforms) = preSolution
		Debug|Any CPU = Debug|Any CPU
		Release|Any CPU = Release|Any CPU
	EndGlobalSection
	GlobalSection(ProjectConfigurationPlatforms) = postSolution
		{F1D96AC0-38E6-4D9C-842E-03D7C8FA207B}.Debug|Any CPU.ActiveCfg = Debug|Any CPU
		{F1D96AC0-38E6-4D9C-842E-03D7C8FA207B}.Debug|Any CPU.Build.0 = Debug|Any CPU
		{F1D96AC0-38E6-4D9C-842E-03D7C8FA207B}.Release|Any CPU.ActiveCfg = Release|Any CPU
		{F1D96AC0-38E6-4D9C-842E-03D7C8FA207B}.Release|Any CPU.Build.0 = Release|Any CPU
	EndGlobalSection
	GlobalSection(SolutionProperties) = preSolution
		HideSolutionNode = FALSE
	EndGlobalSection
EndGlobal
